
Microsoft Visual Studio Solution File, Format Version 12.00
# Visual Studio 15
VisualStudioVersion = 15.0.28307.1000
MinimumVisualStudioVersion = 10.0.40219.1
Project("{8BC9CEB8-8B4A-11D0-8D11-00A0C91BC942}") = "BaseLib", "BaseLib\BaseLib.vcxproj", "{3668C209-8D97-4A50-96B4-F5FF881FE4D7}"
EndProject
Project("{8BC9CEB8-8B4A-11D0-8D11-00A0C91BC942}") = "GameServer", "GameServer\GameServer.vcxproj", "{47D89196-97B4-4AFE-8B82-A66857161D57}"
	ProjectSection(ProjectDependencies) = postProject
		{3668C209-8D97-4A50-96B4-F5FF881FE4D7} = {3668C209-8D97-4A50-96B4-F5FF881FE4D7}
		{0067800D-28C7-4686-85CE-F4AE369D2623} = {0067800D-28C7-4686-85CE-F4AE369D2623}
	EndProjectSection
EndProject
Project("{8BC9CEB8-8B4A-11D0-8D11-00A0C91BC942}") = "LoginServer", "LoginServer\LoginServer.vcxproj", "{FB2012B2-7DFA-4241-8340-77F426B91F4A}"
	ProjectSection(ProjectDependencies) = postProject
		{3668C209-8D97-4A50-96B4-F5FF881FE4D7} = {3668C209-8D97-4A50-96B4-F5FF881FE4D7}
		{0067800D-28C7-4686-85CE-F4AE369D2623} = {0067800D-28C7-4686-85CE-F4AE369D2623}
	EndProjectSection
EndProject
Project("{8BC9CEB8-8B4A-11D0-8D11-00A0C91BC942}") = "SocialServer", "SocialServer\SocialServer.vcxproj", "{311CD523-235C-4FB6-8AC3-09AA5DD3819A}"
	ProjectSection(ProjectDependencies) = postProject
		{3668C209-8D97-4A50-96B4-F5FF881FE4D7} = {3668C209-8D97-4A50-96B4-F5FF881FE4D7}
		{0067800D-28C7-4686-85CE-F4AE369D2623} = {0067800D-28C7-4686-85CE-F4AE369D2623}
	EndProjectSection
EndProject
Project("{8BC9CEB8-8B4A-11D0-8D11-00A0C91BC942}") = "RankingServer", "RankingServer\RankingServer.vcxproj", "{067DA1AF-1D06-4AA4-AA26-AD8A2670A7AA}"
	ProjectSection(ProjectDependencies) = postProject
		{3668C209-8D97-4A50-96B4-F5FF881FE4D7} = {3668C209-8D97-4A50-96B4-F5FF881FE4D7}
		{0067800D-28C7-4686-85CE-F4AE369D2623} = {0067800D-28C7-4686-85CE-F4AE369D2623}
	EndProjectSection
EndProject
Project("{2150E333-8FDC-42A3-9474-1A3956D46DE8}") = "ExternalServer", "ExternalServer", "{9C6CBE18-6B3B-40CB-904C-54D011903133}"
EndProject
Project("{2150E333-8FDC-42A3-9474-1A3956D46DE8}") = "Lib", "Lib", "{9DA698F2-2982-4688-8EF8-C17E0B0F9F3E}"
EndProject
Project("{2150E333-8FDC-42A3-9474-1A3956D46DE8}") = "MainServers", "MainServers", "{9CF620D5-BE10-4874-8643-C347AB717D8C}"
EndProject
Project("{8BC9CEB8-8B4A-11D0-8D11-00A0C91BC942}") = "ManagementServer", "ManagementServer\ManagementServer.vcxproj", "{2733FE65-2F1C-4771-AA1E-40EB5E29BDB2}"
	ProjectSection(ProjectDependencies) = postProject
		{3668C209-8D97-4A50-96B4-F5FF881FE4D7} = {3668C209-8D97-4A50-96B4-F5FF881FE4D7}
		{0067800D-28C7-4686-85CE-F4AE369D2623} = {0067800D-28C7-4686-85CE-F4AE369D2623}
	EndProjectSection
EndProject
Project("{8BC9CEB8-8B4A-11D0-8D11-00A0C91BC942}") = "DatabaseApi", "DatabaseApi\DatabaseApi.vcxproj", "{0067800D-28C7-4686-85CE-F4AE369D2623}"
	ProjectSection(ProjectDependencies) = postProject
		{3668C209-8D97-4A50-96B4-F5FF881FE4D7} = {3668C209-8D97-4A50-96B4-F5FF881FE4D7}
	EndProjectSection
EndProject
Project("{8BC9CEB8-8B4A-11D0-8D11-00A0C91BC942}") = "Client", "Client\Client.vcxproj", "{ECB7776C-4D69-456D-A4CD-D1E435DBAF8A}"
	ProjectSection(ProjectDependencies) = postProject
		{3668C209-8D97-4A50-96B4-F5FF881FE4D7} = {3668C209-8D97-4A50-96B4-F5FF881FE4D7}
		{0067800D-28C7-4686-85CE-F4AE369D2623} = {0067800D-28C7-4686-85CE-F4AE369D2623}
		{311CD523-235C-4FB6-8AC3-09AA5DD3819A} = {311CD523-235C-4FB6-8AC3-09AA5DD3819A}
		{2733FE65-2F1C-4771-AA1E-40EB5E29BDB2} = {2733FE65-2F1C-4771-AA1E-40EB5E29BDB2}
		{47D89196-97B4-4AFE-8B82-A66857161D57} = {47D89196-97B4-4AFE-8B82-A66857161D57}
		{067DA1AF-1D06-4AA4-AA26-AD8A2670A7AA} = {067DA1AF-1D06-4AA4-AA26-AD8A2670A7AA}
		{FB2012B2-7DFA-4241-8340-77F426B91F4A} = {FB2012B2-7DFA-4241-8340-77F426B91F4A}
	EndProjectSection
EndProject
Global
	GlobalSection(SolutionConfigurationPlatforms) = preSolution
		Debug|x64 = Debug|x64
		Debug|x86 = Debug|x86
		Release|x64 = Release|x64
		Release|x86 = Release|x86
	EndGlobalSection
	GlobalSection(ProjectConfigurationPlatforms) = postSolution
		{3668C209-8D97-4A50-96B4-F5FF881FE4D7}.Debug|x64.ActiveCfg = Debug|x64
		{3668C209-8D97-4A50-96B4-F5FF881FE4D7}.Debug|x64.Build.0 = Debug|x64
		{3668C209-8D97-4A50-96B4-F5FF881FE4D7}.Debug|x86.ActiveCfg = Debug|Win32
		{3668C209-8D97-4A50-96B4-F5FF881FE4D7}.Debug|x86.Build.0 = Debug|Win32
		{3668C209-8D97-4A50-96B4-F5FF881FE4D7}.Release|x64.ActiveCfg = Release|x64
		{3668C209-8D97-4A50-96B4-F5FF881FE4D7}.Release|x64.Build.0 = Release|x64
		{3668C209-8D97-4A50-96B4-F5FF881FE4D7}.Release|x86.ActiveCfg = Release|Win32
		{3668C209-8D97-4A50-96B4-F5FF881FE4D7}.Release|x86.Build.0 = Release|Win32
		{47D89196-97B4-4AFE-8B82-A66857161D57}.Debug|x64.ActiveCfg = Debug|x64
		{47D89196-97B4-4AFE-8B82-A66857161D57}.Debug|x64.Build.0 = Debug|x64
		{47D89196-97B4-4AFE-8B82-A66857161D57}.Debug|x86.ActiveCfg = Debug|Win32
		{47D89196-97B4-4AFE-8B82-A66857161D57}.Debug|x86.Build.0 = Debug|Win32
		{47D89196-97B4-4AFE-8B82-A66857161D57}.Release|x64.ActiveCfg = Release|x64
		{47D89196-97B4-4AFE-8B82-A66857161D57}.Release|x64.Build.0 = Release|x64
		{47D89196-97B4-4AFE-8B82-A66857161D57}.Release|x86.ActiveCfg = Release|Win32
		{47D89196-97B4-4AFE-8B82-A66857161D57}.Release|x86.Build.0 = Release|Win32
		{FB2012B2-7DFA-4241-8340-77F426B91F4A}.Debug|x64.ActiveCfg = Debug|x64
		{FB2012B2-7DFA-4241-8340-77F426B91F4A}.Debug|x64.Build.0 = Debug|x64
		{FB2012B2-7DFA-4241-8340-77F426B91F4A}.Debug|x86.ActiveCfg = Debug|Win32
		{FB2012B2-7DFA-4241-8340-77F426B91F4A}.Debug|x86.Build.0 = Debug|Win32
		{FB2012B2-7DFA-4241-8340-77F426B91F4A}.Release|x64.ActiveCfg = Release|x64
		{FB2012B2-7DFA-4241-8340-77F426B91F4A}.Release|x64.Build.0 = Release|x64
		{FB2012B2-7DFA-4241-8340-77F426B91F4A}.Release|x86.ActiveCfg = Release|Win32
		{FB2012B2-7DFA-4241-8340-77F426B91F4A}.Release|x86.Build.0 = Release|Win32
		{311CD523-235C-4FB6-8AC3-09AA5DD3819A}.Debug|x64.ActiveCfg = Debug|x64
		{311CD523-235C-4FB6-8AC3-09AA5DD3819A}.Debug|x64.Build.0 = Debug|x64
		{311CD523-235C-4FB6-8AC3-09AA5DD3819A}.Debug|x86.ActiveCfg = Debug|Win32
		{311CD523-235C-4FB6-8AC3-09AA5DD3819A}.Debug|x86.Build.0 = Debug|Win32
		{311CD523-235C-4FB6-8AC3-09AA5DD3819A}.Release|x64.ActiveCfg = Release|x64
		{311CD523-235C-4FB6-8AC3-09AA5DD3819A}.Release|x64.Build.0 = Release|x64
		{311CD523-235C-4FB6-8AC3-09AA5DD3819A}.Release|x86.ActiveCfg = Release|Win32
		{311CD523-235C-4FB6-8AC3-09AA5DD3819A}.Release|x86.Build.0 = Release|Win32
		{067DA1AF-1D06-4AA4-AA26-AD8A2670A7AA}.Debug|x64.ActiveCfg = Debug|x64
		{067DA1AF-1D06-4AA4-AA26-AD8A2670A7AA}.Debug|x64.Build.0 = Debug|x64
		{067DA1AF-1D06-4AA4-AA26-AD8A2670A7AA}.Debug|x86.ActiveCfg = Debug|Win32
		{067DA1AF-1D06-4AA4-AA26-AD8A2670A7AA}.Debug|x86.Build.0 = Debug|Win32
		{067DA1AF-1D06-4AA4-AA26-AD8A2670A7AA}.Release|x64.ActiveCfg = Release|x64
		{067DA1AF-1D06-4AA4-AA26-AD8A2670A7AA}.Release|x64.Build.0 = Release|x64
		{067DA1AF-1D06-4AA4-AA26-AD8A2670A7AA}.Release|x86.ActiveCfg = Release|Win32
		{067DA1AF-1D06-4AA4-AA26-AD8A2670A7AA}.Release|x86.Build.0 = Release|Win32
		{2733FE65-2F1C-4771-AA1E-40EB5E29BDB2}.Debug|x64.ActiveCfg = Debug|x64
		{2733FE65-2F1C-4771-AA1E-40EB5E29BDB2}.Debug|x64.Build.0 = Debug|x64
		{2733FE65-2F1C-4771-AA1E-40EB5E29BDB2}.Debug|x86.ActiveCfg = Debug|Win32
		{2733FE65-2F1C-4771-AA1E-40EB5E29BDB2}.Debug|x86.Build.0 = Debug|Win32
		{2733FE65-2F1C-4771-AA1E-40EB5E29BDB2}.Release|x64.ActiveCfg = Release|x64
		{2733FE65-2F1C-4771-AA1E-40EB5E29BDB2}.Release|x64.Build.0 = Release|x64
		{2733FE65-2F1C-4771-AA1E-40EB5E29BDB2}.Release|x86.ActiveCfg = Release|Win32
		{2733FE65-2F1C-4771-AA1E-40EB5E29BDB2}.Release|x86.Build.0 = Release|Win32
		{0067800D-28C7-4686-85CE-F4AE369D2623}.Debug|x64.ActiveCfg = Debug|x64
		{0067800D-28C7-4686-85CE-F4AE369D2623}.Debug|x64.Build.0 = Debug|x64
		{0067800D-28C7-4686-85CE-F4AE369D2623}.Debug|x86.ActiveCfg = Debug|Win32
		{0067800D-28C7-4686-85CE-F4AE369D2623}.Debug|x86.Build.0 = Debug|Win32
		{0067800D-28C7-4686-85CE-F4AE369D2623}.Release|x64.ActiveCfg = Release|x64
		{0067800D-28C7-4686-85CE-F4AE369D2623}.Release|x64.Build.0 = Release|x64
		{0067800D-28C7-4686-85CE-F4AE369D2623}.Release|x86.ActiveCfg = Release|Win32
		{0067800D-28C7-4686-85CE-F4AE369D2623}.Release|x86.Build.0 = Release|Win32
		{ECB7776C-4D69-456D-A4CD-D1E435DBAF8A}.Debug|x64.ActiveCfg = Debug|x64
		{ECB7776C-4D69-456D-A4CD-D1E435DBAF8A}.Debug|x64.Build.0 = Debug|x64
		{ECB7776C-4D69-456D-A4CD-D1E435DBAF8A}.Debug|x86.ActiveCfg = Debug|Win32
		{ECB7776C-4D69-456D-A4CD-D1E435DBAF8A}.Debug|x86.Build.0 = Debug|Win32
		{ECB7776C-4D69-456D-A4CD-D1E435DBAF8A}.Release|x64.ActiveCfg = Release|x64
		{ECB7776C-4D69-456D-A4CD-D1E435DBAF8A}.Release|x64.Build.0 = Release|x64
		{ECB7776C-4D69-456D-A4CD-D1E435DBAF8A}.Release|x86.ActiveCfg = Release|Win32
		{ECB7776C-4D69-456D-A4CD-D1E435DBAF8A}.Release|x86.Build.0 = Release|Win32
	EndGlobalSection
	GlobalSection(SolutionProperties) = preSolution
		HideSolutionNode = FALSE
	EndGlobalSection
	GlobalSection(NestedProjects) = preSolution
		{3668C209-8D97-4A50-96B4-F5FF881FE4D7} = {9DA698F2-2982-4688-8EF8-C17E0B0F9F3E}
		{47D89196-97B4-4AFE-8B82-A66857161D57} = {9CF620D5-BE10-4874-8643-C347AB717D8C}
		{FB2012B2-7DFA-4241-8340-77F426B91F4A} = {9CF620D5-BE10-4874-8643-C347AB717D8C}
		{311CD523-235C-4FB6-8AC3-09AA5DD3819A} = {9C6CBE18-6B3B-40CB-904C-54D011903133}
		{067DA1AF-1D06-4AA4-AA26-AD8A2670A7AA} = {9C6CBE18-6B3B-40CB-904C-54D011903133}
		{2733FE65-2F1C-4771-AA1E-40EB5E29BDB2} = {9CF620D5-BE10-4874-8643-C347AB717D8C}
		{0067800D-28C7-4686-85CE-F4AE369D2623} = {9DA698F2-2982-4688-8EF8-C17E0B0F9F3E}
	EndGlobalSection
	GlobalSection(ExtensibilityGlobals) = postSolution
		SolutionGuid = {2440D761-F066-4B80-A9AF-C3A48DDA739B}
	EndGlobalSection
EndGlobal
