<?xml version="1.0" encoding="utf-8"?>
<Project ToolsVersion="4.0" xmlns="http://schemas.microsoft.com/developer/msbuild/2003">
  <ItemGroup>
    <Filter Include="리소스 파일">
      <UniqueIdentifier>{67DA6AB6-F800-4c08-8B7A-83BB121AAD01}</UniqueIdentifier>
      <Extensions>rc;ico;cur;bmp;dlg;rc2;rct;bin;rgs;gif;jpg;jpeg;jpe;resx;tiff;tif;png;wav;mfcribbon-ms</Extensions>
    </Filter>
    <Filter Include="Util">
      <UniqueIdentifier>{db2750bc-c49f-416b-971b-7bf9e27955ce}</UniqueIdentifier>
    </Filter>
    <Filter Include="Packet">
      <UniqueIdentifier>{e1a98091-5f75-4338-a028-54a453640685}</UniqueIdentifier>
    </Filter>
    <Filter Include="DesignData">
      <UniqueIdentifier>{c4e374c5-9a67-4d31-9f59-82158e507a82}</UniqueIdentifier>
    </Filter>
    <Filter Include="Server">
      <UniqueIdentifier>{19e8d09b-135e-4161-9cbe-c0249a6c6028}</UniqueIdentifier>
    </Filter>
    <Filter Include="Client">
      <UniqueIdentifier>{8a454554-142b-4530-b63f-6dafb8412a1f}</UniqueIdentifier>
    </Filter>
    <Filter Include="ThreadPool">
      <UniqueIdentifier>{b03f2628-8dcf-4888-b335-3739bc9848aa}</UniqueIdentifier>
    </Filter>
  </ItemGroup>
  <ItemGroup>
    <ClInclude Include="Log.h">
      <Filter>Util</Filter>
    </ClInclude>
    <ClInclude Include="Singleton.h">
      <Filter>Util</Filter>
    </ClInclude>
    <ClInclude Include="BasePacket.h">
      <Filter>Packet</Filter>
    </ClInclude>
    <ClInclude Include="Config.h">
      <Filter>Util</Filter>
    </ClInclude>
    <ClInclude Include="DesignData.h">
      <Filter>DesignData</Filter>
    </ClInclude>
    <ClInclude Include="DesignDataManager.h">
      <Filter>DesignData</Filter>
    </ClInclude>
    <ClInclude Include="BaseServer.h">
      <Filter>Server</Filter>
    </ClInclude>
    <ClInclude Include="Player.h">
      <Filter>Client</Filter>
    </ClInclude>
    <ClInclude Include="PlayerManager.h">
      <Filter>Client</Filter>
    </ClInclude>
    <ClInclude Include="Server.h">
      <Filter>Client</Filter>
    </ClInclude>
    <ClInclude Include="ServerManager.h">
      <Filter>Client</Filter>
    </ClInclude>
    <ClInclude Include="ServerCommon.h">
      <Filter>Server</Filter>
    </ClInclude>
    <ClInclude Include="UTF8.h">
      <Filter>Util</Filter>
    </ClInclude>
    <ClInclude Include="ClientBase.h">
      <Filter>Client</Filter>
    </ClInclude>
  </ItemGroup>
  <ItemGroup>
    <ClCompile Include="Log.cpp">
      <Filter>Util</Filter>
    </ClCompile>
    <ClCompile Include="Config.cpp">
      <Filter>Util</Filter>
    </ClCompile>
    <ClCompile Include="BaseServer.cpp">
      <Filter>Server</Filter>
    </ClCompile>
    <ClCompile Include="BasePacket.cpp">
      <Filter>Packet</Filter>
    </ClCompile>
    <ClCompile Include="PlayerManager.cpp">
      <Filter>Client</Filter>
    </ClCompile>
    <ClCompile Include="Player.cpp">
      <Filter>Client</Filter>
    </ClCompile>
    <ClCompile Include="Server.cpp">
      <Filter>Client</Filter>
    </ClCompile>
    <ClCompile Include="ServerManager.cpp">
      <Filter>Client</Filter>
    </ClCompile>
    <ClCompile Include="ClientBase.cpp">
      <Filter>Client</Filter>
    </ClCompile>
  </ItemGroup>
</Project>