<?xml version="1.0" encoding="utf-8"?>
<Project ToolsVersion="4.0" xmlns="http://schemas.microsoft.com/developer/msbuild/2003">
  <ItemGroup>
    <ClCompile Include="PlayerManager.cpp">
      <Filter>Player</Filter>
    </ClCompile>
    <ClCompile Include="Player.cpp">
      <Filter>Player</Filter>
    </ClCompile>
    <ClCompile Include="Config.cpp">
      <Filter>Config</Filter>
    </ClCompile>
    <ClCompile Include="Log.cpp">
      <Filter>Log</Filter>
    </ClCompile>
    <ClCompile Include="GamePacket.cpp">
      <Filter>Packet</Filter>
    </ClCompile>
    <ClCompile Include="LobbyPacket.cpp">
      <Filter>Packet</Filter>
    </ClCompile>
    <ClCompile Include="LoginPacket.cpp">
      <Filter>Packet</Filter>
    </ClCompile>
    <ClCompile Include="RankingPacket.cpp">
      <Filter>Packet</Filter>
    </ClCompile>
    <ClCompile Include="RoomPacket.cpp">
      <Filter>Packet</Filter>
    </ClCompile>
    <ClCompile Include="Client.cpp">
      <Filter>Client</Filter>
    </ClCompile>
    <ClCompile Include="Server.cpp">
      <Filter>Client</Filter>
    </ClCompile>
    <ClCompile Include="ServerManager.cpp">
      <Filter>Client</Filter>
    </ClCompile>
    <ClCompile Include="ShopPacket.cpp">
      <Filter>Packet</Filter>
    </ClCompile>
    <ClCompile Include="SocialPacket.cpp">
      <Filter>Packet</Filter>
    </ClCompile>
    <ClCompile Include="BasePacket.cpp">
      <Filter>Packet</Filter>
    </ClCompile>
    <ClCompile Include="BaseServer.cpp">
      <Filter>BaseServer</Filter>
    </ClCompile>
  </ItemGroup>
  <ItemGroup>
    <ClInclude Include="PlayerManager.h">
      <Filter>Player</Filter>
    </ClInclude>
    <ClInclude Include="Player.h">
      <Filter>Player</Filter>
    </ClInclude>
    <ClInclude Include="Config.h">
      <Filter>Config</Filter>
    </ClInclude>
    <ClInclude Include="Log.h">
      <Filter>Log</Filter>
    </ClInclude>
    <ClInclude Include="GamePacket.h">
      <Filter>Packet</Filter>
    </ClInclude>
    <ClInclude Include="LobbyPacket.h">
      <Filter>Packet</Filter>
    </ClInclude>
    <ClInclude Include="LoginPacket.h">
      <Filter>Packet</Filter>
    </ClInclude>
    <ClInclude Include="RankingPacket.h">
      <Filter>Packet</Filter>
    </ClInclude>
    <ClInclude Include="RoomPacket.h">
      <Filter>Packet</Filter>
    </ClInclude>
    <ClInclude Include="Client.h">
      <Filter>Client</Filter>
    </ClInclude>
    <ClInclude Include="Server.h">
      <Filter>Client</Filter>
    </ClInclude>
    <ClInclude Include="ServerManager.h">
      <Filter>Client</Filter>
    </ClInclude>
    <ClInclude Include="ShopPacket.h">
      <Filter>Packet</Filter>
    </ClInclude>
    <ClInclude Include="SocialPacket.h">
      <Filter>Packet</Filter>
    </ClInclude>
    <ClInclude Include="BasePacket.h">
      <Filter>Packet</Filter>
    </ClInclude>
    <ClInclude Include="DesignDataManager.h">
      <Filter>DesignData</Filter>
    </ClInclude>
    <ClInclude Include="DesignData.h">
      <Filter>DesignData</Filter>
    </ClInclude>
    <ClInclude Include="Singleton.h">
      <Filter>Singleton</Filter>
    </ClInclude>
    <ClInclude Include="BaseServer.h">
      <Filter>BaseServer</Filter>
    </ClInclude>
    <ClInclude Include="ServerCommon.h">
      <Filter>BaseServer</Filter>
    </ClInclude>
  </ItemGroup>
  <ItemGroup>
    <Filter Include="Player">
      <UniqueIdentifier>{d9f776d9-2be2-4726-ab1a-d3b950f6e55e}</UniqueIdentifier>
    </Filter>
    <Filter Include="Config">
      <UniqueIdentifier>{6731c134-8f22-4a18-8f10-1e30e4e5d1d7}</UniqueIdentifier>
    </Filter>
    <Filter Include="Log">
      <UniqueIdentifier>{320cdf9c-bb2c-47ea-9043-fbe4ecf526bc}</UniqueIdentifier>
    </Filter>
    <Filter Include="Packet">
      <UniqueIdentifier>{c97f1f62-5178-4570-8654-fa3e191636b1}</UniqueIdentifier>
    </Filter>
    <Filter Include="Client">
      <UniqueIdentifier>{d365fd25-1bff-4ed0-811c-32d56807918f}</UniqueIdentifier>
    </Filter>
    <Filter Include="DesignData">
      <UniqueIdentifier>{207e8731-ef2c-474d-8f64-136bd3831f79}</UniqueIdentifier>
    </Filter>
    <Filter Include="Singleton">
      <UniqueIdentifier>{62ddf8c4-71a1-4cb8-84d5-b89e407f54f3}</UniqueIdentifier>
    </Filter>
    <Filter Include="BaseServer">
      <UniqueIdentifier>{6b92596e-4337-406a-85e7-543f85ceae2a}</UniqueIdentifier>
    </Filter>
  </ItemGroup>
</Project>